
Microsoft Visual Studio Solution File, Format Version 11.00
# Visual Studio 2010
Project("{FAE04EC0-301F-11D3-BF4B-00C04F79EFBC}") = "613", "Assembly-CSharp-firstpass.csproj", "{B3292F63-915C-763C-C841-0DE71ECE8F4C}"
EndProject
Project("{FAE04EC0-301F-11D3-BF4B-00C04F79EFBC}") = "613", "Assembly-CSharp.csproj", "{453AAD6E-B60C-55EF-D231-866F81D36B13}"
EndProject
Project("{FAE04EC0-301F-11D3-BF4B-00C04F79EFBC}") = "613", "Assembly-CSharp-Editor.csproj", "{264A57B9-6782-E227-D7D4-C76FE6509569}"
EndProject
Project("{FAE04EC0-301F-11D3-BF4B-00C04F79EFBC}") = "613", "Assembly-UnityScript.unityproj", "{11CFA692-0855-204D-3067-4807DB0546BF}"
EndProject
Global
	GlobalSection(SolutionConfigurationPlatforms) = preSolution
		Debug|Any CPU = Debug|Any CPU
		Release|Any CPU = Release|Any CPU
	EndGlobalSection
	GlobalSection(ProjectConfigurationPlatforms) = postSolution
		{B3292F63-915C-763C-C841-0DE71ECE8F4C}.Debug|Any CPU.ActiveCfg = Debug|Any CPU
		{B3292F63-915C-763C-C841-0DE71ECE8F4C}.Debug|Any CPU.Build.0 = Debug|Any CPU
		{B3292F63-915C-763C-C841-0DE71ECE8F4C}.Release|Any CPU.ActiveCfg = Release|Any CPU
		{B3292F63-915C-763C-C841-0DE71ECE8F4C}.Release|Any CPU.Build.0 = Release|Any CPU
		{453AAD6E-B60C-55EF-D231-866F81D36B13}.Debug|Any CPU.ActiveCfg = Debug|Any CPU
		{453AAD6E-B60C-55EF-D231-866F81D36B13}.Debug|Any CPU.Build.0 = Debug|Any CPU
		{453AAD6E-B60C-55EF-D231-866F81D36B13}.Release|Any CPU.ActiveCfg = Release|Any CPU
		{453AAD6E-B60C-55EF-D231-866F81D36B13}.Release|Any CPU.Build.0 = Release|Any CPU
		{264A57B9-6782-E227-D7D4-C76FE6509569}.Debug|Any CPU.ActiveCfg = Debug|Any CPU
		{264A57B9-6782-E227-D7D4-C76FE6509569}.Debug|Any CPU.Build.0 = Debug|Any CPU
		{264A57B9-6782-E227-D7D4-C76FE6509569}.Release|Any CPU.ActiveCfg = Release|Any CPU
		{264A57B9-6782-E227-D7D4-C76FE6509569}.Release|Any CPU.Build.0 = Release|Any CPU
		{11CFA692-0855-204D-3067-4807DB0546BF}.Debug|Any CPU.ActiveCfg = Debug|Any CPU
		{11CFA692-0855-204D-3067-4807DB0546BF}.Debug|Any CPU.Build.0 = Debug|Any CPU
		{11CFA692-0855-204D-3067-4807DB0546BF}.Release|Any CPU.ActiveCfg = Release|Any CPU
		{11CFA692-0855-204D-3067-4807DB0546BF}.Release|Any CPU.Build.0 = Release|Any CPU
	EndGlobalSection
	GlobalSection(SolutionProperties) = preSolution
		HideSolutionNode = FALSE
	EndGlobalSection
	GlobalSection(MonoDevelopProperties) = preSolution
		StartupItem = Assembly-CSharp.csproj
	EndGlobalSection
EndGlobal
