
Microsoft Visual Studio Solution File, Format Version 11.00
# Visual Studio 2010
Project("{FAE04EC0-301F-11D3-BF4B-00C04F79EFBC}") = "SSY", "Assembly-CSharp.csproj", "{60FE07DD-87AF-F42C-2631-18DB032C43BB}"
EndProject
Project("{FAE04EC0-301F-11D3-BF4B-00C04F79EFBC}") = "SSY", "Assembly-CSharp-Editor.csproj", "{DD90948C-A76B-6843-3963-35BCE18E6F72}"
EndProject
Project("{FAE04EC0-301F-11D3-BF4B-00C04F79EFBC}") = "SSY", "Assembly-UnityScript.unityproj", "{6D7F67CE-F5BD-802E-AD6A-C0BB972ADFFF}"
EndProject
Global
	GlobalSection(SolutionConfigurationPlatforms) = preSolution
		Debug|Any CPU = Debug|Any CPU
		Release|Any CPU = Release|Any CPU
	EndGlobalSection
	GlobalSection(ProjectConfigurationPlatforms) = postSolution
		{60FE07DD-87AF-F42C-2631-18DB032C43BB}.Debug|Any CPU.ActiveCfg = Debug|Any CPU
		{60FE07DD-87AF-F42C-2631-18DB032C43BB}.Debug|Any CPU.Build.0 = Debug|Any CPU
		{60FE07DD-87AF-F42C-2631-18DB032C43BB}.Release|Any CPU.ActiveCfg = Release|Any CPU
		{60FE07DD-87AF-F42C-2631-18DB032C43BB}.Release|Any CPU.Build.0 = Release|Any CPU
		{DD90948C-A76B-6843-3963-35BCE18E6F72}.Debug|Any CPU.ActiveCfg = Debug|Any CPU
		{DD90948C-A76B-6843-3963-35BCE18E6F72}.Debug|Any CPU.Build.0 = Debug|Any CPU
		{DD90948C-A76B-6843-3963-35BCE18E6F72}.Release|Any CPU.ActiveCfg = Release|Any CPU
		{DD90948C-A76B-6843-3963-35BCE18E6F72}.Release|Any CPU.Build.0 = Release|Any CPU
		{6D7F67CE-F5BD-802E-AD6A-C0BB972ADFFF}.Debug|Any CPU.ActiveCfg = Debug|Any CPU
		{6D7F67CE-F5BD-802E-AD6A-C0BB972ADFFF}.Debug|Any CPU.Build.0 = Debug|Any CPU
		{6D7F67CE-F5BD-802E-AD6A-C0BB972ADFFF}.Release|Any CPU.ActiveCfg = Release|Any CPU
		{6D7F67CE-F5BD-802E-AD6A-C0BB972ADFFF}.Release|Any CPU.Build.0 = Release|Any CPU
	EndGlobalSection
	GlobalSection(SolutionProperties) = preSolution
		HideSolutionNode = FALSE
	EndGlobalSection
	GlobalSection(MonoDevelopProperties) = preSolution
		StartupItem = Assembly-CSharp.csproj
	EndGlobalSection
EndGlobal
